<?xml version="1.0" encoding="utf-8"?>
<Project ToolsVersion="4.0" xmlns="http://schemas.microsoft.com/developer/msbuild/2003">
  <ItemGroup>
    <Filter Include="dvr">
      <UniqueIdentifier>{F16B880B-5D75-887C-E6F0-9E7C52F9937C}</UniqueIdentifier>
    </Filter>
    <Filter Include="dvr\camera">
      <UniqueIdentifier>{691B74C0-55D3-B50D-BEDA-8E69AAB150FE}</UniqueIdentifier>
    </Filter>
    <Filter Include="dvr\gl">
      <UniqueIdentifier>{F387B9F9-DF29-E4CF-C8E4-F723B4256B20}</UniqueIdentifier>
    </Filter>
    <Filter Include="dvr\gl\debug">
      <UniqueIdentifier>{C98CF71C-B5EF-86C1-5E75-BF774AB75244}</UniqueIdentifier>
    </Filter>
    <Filter Include="dvr\gl\shader_program">
      <UniqueIdentifier>{D0FD8234-3C6A-3E2F-055E-D68C71896097}</UniqueIdentifier>
    </Filter>
    <Filter Include="dvr\gl\texture">
      <UniqueIdentifier>{73883F0A-5F56-3310-48EA-A33634570F75}</UniqueIdentifier>
    </Filter>
    <Filter Include="dvr\gl\vertex_attributes">
      <UniqueIdentifier>{E6625251-D287-A1D1-FBD2-8661E756A0EF}</UniqueIdentifier>
    </Filter>
    <Filter Include="dvr\model">
      <UniqueIdentifier>{11561516-7DC0-C98C-C6FE-7A3232A8A7E1}</UniqueIdentifier>
    </Filter>
    <Filter Include="dvr\renderer">
      <UniqueIdentifier>{D74AE9BB-C3AD-7860-6C33-B116587544E3}</UniqueIdentifier>
    </Filter>
    <Filter Include="dvr\utility">
      <UniqueIdentifier>{54239D64-C0D8-155A-49CD-0F31B5810C5E}</UniqueIdentifier>
    </Filter>
    <Filter Include="dvr\window">
      <UniqueIdentifier>{D893ACEF-C44B-EE3C-2D53-C798192A892D}</UniqueIdentifier>
    </Filter>
    <Filter Include="precompiled">
      <UniqueIdentifier>{B96624CA-251C-9DBF-AE10-97961AC593C3}</UniqueIdentifier>
    </Filter>
  </ItemGroup>
  <ItemGroup>
    <ClInclude Include="src\dvr\application.h">
      <Filter>dvr</Filter>
    </ClInclude>
    <ClInclude Include="src\dvr\camera\camera.h">
      <Filter>dvr\camera</Filter>
    </ClInclude>
    <ClInclude Include="src\dvr\gl\debug\gl_debug.h">
      <Filter>dvr\gl\debug</Filter>
    </ClInclude>
    <ClInclude Include="src\dvr\gl\gl_framebuffer.h">
      <Filter>dvr\gl</Filter>
    </ClInclude>
    <ClInclude Include="src\dvr\gl\shader_program\gl_program.h">
      <Filter>dvr\gl\shader_program</Filter>
    </ClInclude>
    <ClInclude Include="src\dvr\gl\shader_program\gl_shader.h">
      <Filter>dvr\gl\shader_program</Filter>
    </ClInclude>
    <ClInclude Include="src\dvr\gl\texture\gl_texture2d.h">
      <Filter>dvr\gl\texture</Filter>
    </ClInclude>
    <ClInclude Include="src\dvr\gl\texture\gl_texture3d.h">
      <Filter>dvr\gl\texture</Filter>
    </ClInclude>
    <ClInclude Include="src\dvr\gl\vertex_attributes\gl_vao.h">
      <Filter>dvr\gl\vertex_attributes</Filter>
    </ClInclude>
    <ClInclude Include="src\dvr\gl\vertex_attributes\gl_vbo.h">
      <Filter>dvr\gl\vertex_attributes</Filter>
    </ClInclude>
    <ClInclude Include="src\dvr\model\unit_cube.h">
      <Filter>dvr\model</Filter>
    </ClInclude>
    <ClInclude Include="src\dvr\renderer\volume_renderer.h">
      <Filter>dvr\renderer</Filter>
    </ClInclude>
    <ClInclude Include="src\dvr\utility\utility.h">
      <Filter>dvr\utility</Filter>
    </ClInclude>
    <ClInclude Include="src\dvr\window\controller.h">
      <Filter>dvr\window</Filter>
    </ClInclude>
    <ClInclude Include="src\dvr\window\glfw_window.h">
      <Filter>dvr\window</Filter>
    </ClInclude>
    <ClInclude Include="src\precompiled\pch.h">
      <Filter>precompiled</Filter>
    </ClInclude>
  </ItemGroup>
  <ItemGroup>
    <ClCompile Include="src\dvr\application.cpp">
      <Filter>dvr</Filter>
    </ClCompile>
    <ClCompile Include="src\dvr\camera\camera.cpp">
      <Filter>dvr\camera</Filter>
    </ClCompile>
    <ClCompile Include="src\dvr\gl\debug\gl_debug.cpp">
      <Filter>dvr\gl\debug</Filter>
    </ClCompile>
    <ClCompile Include="src\dvr\gl\gl_framebuffer.cpp">
      <Filter>dvr\gl</Filter>
    </ClCompile>
    <ClCompile Include="src\dvr\gl\shader_program\gl_program.cpp">
      <Filter>dvr\gl\shader_program</Filter>
    </ClCompile>
    <ClCompile Include="src\dvr\gl\shader_program\gl_shader.cpp">
      <Filter>dvr\gl\shader_program</Filter>
    </ClCompile>
    <ClCompile Include="src\dvr\gl\texture\gl_texture2d.cpp">
      <Filter>dvr\gl\texture</Filter>
    </ClCompile>
    <ClCompile Include="src\dvr\gl\texture\gl_texture3d.cpp">
      <Filter>dvr\gl\texture</Filter>
    </ClCompile>
    <ClCompile Include="src\dvr\gl\vertex_attributes\gl_vao.cpp">
      <Filter>dvr\gl\vertex_attributes</Filter>
    </ClCompile>
    <ClCompile Include="src\dvr\gl\vertex_attributes\gl_vbo.cpp">
      <Filter>dvr\gl\vertex_attributes</Filter>
    </ClCompile>
    <ClCompile Include="src\dvr\model\unit_cube.cpp">
      <Filter>dvr\model</Filter>
    </ClCompile>
    <ClCompile Include="src\dvr\renderer\volume_renderer.cpp">
      <Filter>dvr\renderer</Filter>
    </ClCompile>
    <ClCompile Include="src\dvr\utility\utility.cpp">
      <Filter>dvr\utility</Filter>
    </ClCompile>
    <ClCompile Include="src\dvr\window\controller.cpp">
      <Filter>dvr\window</Filter>
    </ClCompile>
    <ClCompile Include="src\dvr\window\glfw_window.cpp">
      <Filter>dvr\window</Filter>
    </ClCompile>
    <ClCompile Include="src\main.cpp" />
    <ClCompile Include="src\precompiled\pch.cpp">
      <Filter>precompiled</Filter>
    </ClCompile>
  </ItemGroup>
</Project>